// !$*UTF8*$!
{
	archiveVersion = 1;
	classes = {
	};
	objectVersion = 46;
	objects = {

/* Begin PBXBuildFile section */
		0E0CB2B51F3AF7D3002A6C96 /* Chat.swift in Sources */ = {isa = PBXBuildFile; fileRef = 0E0CB2B41F3AF7D3002A6C96 /* Chat.swift */; };
		0E0E50AE1F31C5B600EDBF3D /* EventDescriptionTableViewController.swift in Sources */ = {isa = PBXBuildFile; fileRef = 0E0E50AD1F31C5B600EDBF3D /* EventDescriptionTableViewController.swift */; };
		0E0E50B11F31CB0800EDBF3D /* JoinedPeopleViewController.swift in Sources */ = {isa = PBXBuildFile; fileRef = 0E0E50B01F31CB0800EDBF3D /* JoinedPeopleViewController.swift */; };
		0E0E50B31F31CBB800EDBF3D /* JoinedPersonTableViewCell.swift in Sources */ = {isa = PBXBuildFile; fileRef = 0E0E50B21F31CBB800EDBF3D /* JoinedPersonTableViewCell.swift */; };
		0E214A011F3072E90096274B /* Pods_Tifosi.framework in Frameworks */ = {isa = PBXBuildFile; fileRef = 7503C5074BEDB478FD3E4954 /* Pods_Tifosi.framework */; };
		0E214A621F3087C90096274B /* EventTableViewCell.swift in Sources */ = {isa = PBXBuildFile; fileRef = 0E214A611F3087C90096274B /* EventTableViewCell.swift */; };
		0E403EBB1F29D6AE0003E5AB /* ArticleTableViewCell.swift in Sources */ = {isa = PBXBuildFile; fileRef = 0E403EBA1F29D6AE0003E5AB /* ArticleTableViewCell.swift */; };
		0E403EBF1F29E95E0003E5AB /* RaceCalendar.swift in Sources */ = {isa = PBXBuildFile; fileRef = 0E403EBE1F29E95E0003E5AB /* RaceCalendar.swift */; };
		0E403EC11F2A154F0003E5AB /* ChatViewController.swift in Sources */ = {isa = PBXBuildFile; fileRef = 0E403EC01F2A154F0003E5AB /* ChatViewController.swift */; };
		0E403EC41F2A22FF0003E5AB /* Constants.swift in Sources */ = {isa = PBXBuildFile; fileRef = 0E403EC31F2A22FF0003E5AB /* Constants.swift */; };
		0E43F6711F3312FF00A45639 /* Location.swift in Sources */ = {isa = PBXBuildFile; fileRef = 0E43F6701F3312FF00A45639 /* Location.swift */; };
		0E43F6731F33179D00A45639 /* WebPageViewController.swift in Sources */ = {isa = PBXBuildFile; fileRef = 0E43F6721F33179D00A45639 /* WebPageViewController.swift */; };
		0E43F6781F333B0100A45639 /* Localizable.strings in Resources */ = {isa = PBXBuildFile; fileRef = 0E43F67A1F333B0100A45639 /* Localizable.strings */; };
		0E46F3A21F277FC800AD57BC /* NetworkFetcher.swift in Sources */ = {isa = PBXBuildFile; fileRef = 0E46F3A11F277FC800AD57BC /* NetworkFetcher.swift */; };
		0E4AE1801F34680D00952F77 /* Extensions.swift in Sources */ = {isa = PBXBuildFile; fileRef = 0E4AE17F1F34680D00952F77 /* Extensions.swift */; };
		0EAF7FF21F2F6BFB00EE1914 /* Event.swift in Sources */ = {isa = PBXBuildFile; fileRef = 0EAF7FF11F2F6BFB00EE1914 /* Event.swift */; };
		1F149C511EB36364002F3332 /* AppDelegate.swift in Sources */ = {isa = PBXBuildFile; fileRef = 1F149C501EB36364002F3332 /* AppDelegate.swift */; };
		1F149C531EB36364002F3332 /* NewsViewController.swift in Sources */ = {isa = PBXBuildFile; fileRef = 1F149C521EB36364002F3332 /* NewsViewController.swift */; };
		1F149C551EB36364002F3332 /* ChatScreenViewController.swift in Sources */ = {isa = PBXBuildFile; fileRef = 1F149C541EB36364002F3332 /* ChatScreenViewController.swift */; };
		1F149C581EB36364002F3332 /* Main.storyboard in Resources */ = {isa = PBXBuildFile; fileRef = 1F149C561EB36364002F3332 /* Main.storyboard */; };
		1F149C5D1EB36364002F3332 /* LaunchScreen.storyboard in Resources */ = {isa = PBXBuildFile; fileRef = 1F149C5B1EB36364002F3332 /* LaunchScreen.storyboard */; };
		1F149C651EB366E8002F3332 /* EventsViewController.swift in Sources */ = {isa = PBXBuildFile; fileRef = 1F149C641EB366E8002F3332 /* EventsViewController.swift */; };
		1F149C671EB36B0E002F3332 /* SettingsViewController.swift in Sources */ = {isa = PBXBuildFile; fileRef = 1F149C661EB36B0E002F3332 /* SettingsViewController.swift */; };
		1F149C691EB37265002F3332 /* Assets.xcassets in Resources */ = {isa = PBXBuildFile; fileRef = 1F149C681EB37265002F3332 /* Assets.xcassets */; };
		1FBF96661EC4B834000C43F7 /* AddEventViewController.swift in Sources */ = {isa = PBXBuildFile; fileRef = 1FBF96651EC4B834000C43F7 /* AddEventViewController.swift */; };
		1FBF96681EC4C05E000C43F7 /* FacebookUser.swift in Sources */ = {isa = PBXBuildFile; fileRef = 1FBF96671EC4C05E000C43F7 /* FacebookUser.swift */; };
		62B6A6041EC452580014B246 /* GoogleService-Info.plist in Resources */ = {isa = PBXBuildFile; fileRef = 62B6A6031EC452580014B246 /* GoogleService-Info.plist */; };
		62EA73FD1EC43AFD000BB4EF /* Article.swift in Sources */ = {isa = PBXBuildFile; fileRef = 62EA73FC1EC43AFD000BB4EF /* Article.swift */; };
/* End PBXBuildFile section */

/* Begin PBXFileReference section */
		0E0CB2B41F3AF7D3002A6C96 /* Chat.swift */ = {isa = PBXFileReference; fileEncoding = 4; lastKnownFileType = sourcecode.swift; path = Chat.swift; sourceTree = "<group>"; };
		0E0E50AD1F31C5B600EDBF3D /* EventDescriptionTableViewController.swift */ = {isa = PBXFileReference; fileEncoding = 4; lastKnownFileType = sourcecode.swift; path = EventDescriptionTableViewController.swift; sourceTree = "<group>"; };
		0E0E50B01F31CB0800EDBF3D /* JoinedPeopleViewController.swift */ = {isa = PBXFileReference; fileEncoding = 4; lastKnownFileType = sourcecode.swift; path = JoinedPeopleViewController.swift; sourceTree = "<group>"; };
		0E0E50B21F31CBB800EDBF3D /* JoinedPersonTableViewCell.swift */ = {isa = PBXFileReference; fileEncoding = 4; lastKnownFileType = sourcecode.swift; path = JoinedPersonTableViewCell.swift; sourceTree = "<group>"; };
		0E214A611F3087C90096274B /* EventTableViewCell.swift */ = {isa = PBXFileReference; fileEncoding = 4; lastKnownFileType = sourcecode.swift; path = EventTableViewCell.swift; sourceTree = "<group>"; };
		0E403EBA1F29D6AE0003E5AB /* ArticleTableViewCell.swift */ = {isa = PBXFileReference; fileEncoding = 4; lastKnownFileType = sourcecode.swift; path = ArticleTableViewCell.swift; sourceTree = "<group>"; };
		0E403EBE1F29E95E0003E5AB /* RaceCalendar.swift */ = {isa = PBXFileReference; fileEncoding = 4; lastKnownFileType = sourcecode.swift; path = RaceCalendar.swift; sourceTree = "<group>"; };
		0E403EC01F2A154F0003E5AB /* ChatViewController.swift */ = {isa = PBXFileReference; fileEncoding = 4; lastKnownFileType = sourcecode.swift; path = ChatViewController.swift; sourceTree = "<group>"; };
		0E403EC21F2A16E70003E5AB /* Bridging-Header.h */ = {isa = PBXFileReference; fileEncoding = 4; lastKnownFileType = sourcecode.c.h; path = "Bridging-Header.h"; sourceTree = "<group>"; };
		0E403EC31F2A22FF0003E5AB /* Constants.swift */ = {isa = PBXFileReference; fileEncoding = 4; lastKnownFileType = sourcecode.swift; path = Constants.swift; sourceTree = "<group>"; };
		0E43F6701F3312FF00A45639 /* Location.swift */ = {isa = PBXFileReference; fileEncoding = 4; lastKnownFileType = sourcecode.swift; path = Location.swift; sourceTree = "<group>"; };
		0E43F6721F33179D00A45639 /* WebPageViewController.swift */ = {isa = PBXFileReference; fileEncoding = 4; lastKnownFileType = sourcecode.swift; path = WebPageViewController.swift; sourceTree = "<group>"; };
		0E43F6741F3322CF00A45639 /* hr */ = {isa = PBXFileReference; lastKnownFileType = text.plist.strings; name = hr; path = hr.lproj/Main.strings; sourceTree = "<group>"; };
		0E43F6751F3322CF00A45639 /* hr */ = {isa = PBXFileReference; lastKnownFileType = text.plist.strings; name = hr; path = hr.lproj/LaunchScreen.strings; sourceTree = "<group>"; };
		0E43F6791F333B0100A45639 /* hr */ = {isa = PBXFileReference; lastKnownFileType = text.plist.strings; name = hr; path = hr.lproj/Localizable.strings; sourceTree = "<group>"; };
		0E43F67B1F333B5100A45639 /* en */ = {isa = PBXFileReference; lastKnownFileType = text.plist.strings; name = en; path = en.lproj/Localizable.strings; sourceTree = "<group>"; };
		0E46F3A11F277FC800AD57BC /* NetworkFetcher.swift */ = {isa = PBXFileReference; fileEncoding = 4; lastKnownFileType = sourcecode.swift; path = NetworkFetcher.swift; sourceTree = "<group>"; };
		0E4AE17F1F34680D00952F77 /* Extensions.swift */ = {isa = PBXFileReference; fileEncoding = 4; lastKnownFileType = sourcecode.swift; path = Extensions.swift; sourceTree = "<group>"; };
		0EAF7FF11F2F6BFB00EE1914 /* Event.swift */ = {isa = PBXFileReference; fileEncoding = 4; lastKnownFileType = sourcecode.swift; path = Event.swift; sourceTree = "<group>"; };
		1F149C4D1EB36364002F3332 /* Tifosi.app */ = {isa = PBXFileReference; explicitFileType = wrapper.application; includeInIndex = 0; path = Tifosi.app; sourceTree = BUILT_PRODUCTS_DIR; };
		1F149C501EB36364002F3332 /* AppDelegate.swift */ = {isa = PBXFileReference; lastKnownFileType = sourcecode.swift; path = AppDelegate.swift; sourceTree = "<group>"; };
		1F149C521EB36364002F3332 /* NewsViewController.swift */ = {isa = PBXFileReference; lastKnownFileType = sourcecode.swift; path = NewsViewController.swift; sourceTree = "<group>"; };
		1F149C541EB36364002F3332 /* ChatScreenViewController.swift */ = {isa = PBXFileReference; lastKnownFileType = sourcecode.swift; path = ChatScreenViewController.swift; sourceTree = "<group>"; };
		1F149C571EB36364002F3332 /* Base */ = {isa = PBXFileReference; lastKnownFileType = file.storyboard; name = Base; path = Base.lproj/Main.storyboard; sourceTree = "<group>"; };
		1F149C5C1EB36364002F3332 /* Base */ = {isa = PBXFileReference; lastKnownFileType = file.storyboard; name = Base; path = Base.lproj/LaunchScreen.storyboard; sourceTree = "<group>"; };
		1F149C5E1EB36364002F3332 /* Info.plist */ = {isa = PBXFileReference; lastKnownFileType = text.plist.xml; path = Info.plist; sourceTree = "<group>"; };
		1F149C641EB366E8002F3332 /* EventsViewController.swift */ = {isa = PBXFileReference; fileEncoding = 4; lastKnownFileType = sourcecode.swift; path = EventsViewController.swift; sourceTree = "<group>"; };
		1F149C661EB36B0E002F3332 /* SettingsViewController.swift */ = {isa = PBXFileReference; fileEncoding = 4; lastKnownFileType = sourcecode.swift; path = SettingsViewController.swift; sourceTree = "<group>"; };
		1F149C681EB37265002F3332 /* Assets.xcassets */ = {isa = PBXFileReference; lastKnownFileType = folder.assetcatalog; path = Assets.xcassets; sourceTree = "<group>"; };
		1F2CBD501EBF521600E4FA68 /* en */ = {isa = PBXFileReference; lastKnownFileType = text.plist.strings; name = en; path = en.lproj/Main.strings; sourceTree = "<group>"; };
		1FBF96651EC4B834000C43F7 /* AddEventViewController.swift */ = {isa = PBXFileReference; fileEncoding = 4; lastKnownFileType = sourcecode.swift; path = AddEventViewController.swift; sourceTree = "<group>"; };
		1FBF96671EC4C05E000C43F7 /* FacebookUser.swift */ = {isa = PBXFileReference; fileEncoding = 4; lastKnownFileType = sourcecode.swift; path = FacebookUser.swift; sourceTree = "<group>"; };
		1FBF96711EC4EBDD000C43F7 /* Tifosi.entitlements */ = {isa = PBXFileReference; lastKnownFileType = text.plist.entitlements; path = Tifosi.entitlements; sourceTree = "<group>"; };
		62B6A6031EC452580014B246 /* GoogleService-Info.plist */ = {isa = PBXFileReference; fileEncoding = 4; lastKnownFileType = text.plist.xml; path = "GoogleService-Info.plist"; sourceTree = "<group>"; };
		62BA7A53A2D40CFBA72A0139 /* Pods-Tifosi.debug.xcconfig */ = {isa = PBXFileReference; includeInIndex = 1; lastKnownFileType = text.xcconfig; name = "Pods-Tifosi.debug.xcconfig"; path = "Pods/Target Support Files/Pods-Tifosi/Pods-Tifosi.debug.xcconfig"; sourceTree = "<group>"; };
		62EA73FC1EC43AFD000BB4EF /* Article.swift */ = {isa = PBXFileReference; fileEncoding = 4; lastKnownFileType = sourcecode.swift; path = Article.swift; sourceTree = "<group>"; };
		7503C5074BEDB478FD3E4954 /* Pods_Tifosi.framework */ = {isa = PBXFileReference; explicitFileType = wrapper.framework; includeInIndex = 0; path = Pods_Tifosi.framework; sourceTree = BUILT_PRODUCTS_DIR; };
		B0F3483F3028875B88E022B1 /* Pods-Tifosi.release.xcconfig */ = {isa = PBXFileReference; includeInIndex = 1; lastKnownFileType = text.xcconfig; name = "Pods-Tifosi.release.xcconfig"; path = "Pods/Target Support Files/Pods-Tifosi/Pods-Tifosi.release.xcconfig"; sourceTree = "<group>"; };
/* End PBXFileReference section */

/* Begin PBXFrameworksBuildPhase section */
		1F149C4A1EB36364002F3332 /* Frameworks */ = {
			isa = PBXFrameworksBuildPhase;
			buildActionMask = 2147483647;
			files = (
				0E214A011F3072E90096274B /* Pods_Tifosi.framework in Frameworks */,
			);
			runOnlyForDeploymentPostprocessing = 0;
		};
/* End PBXFrameworksBuildPhase section */

/* Begin PBXGroup section */
		0E0E50AF1F31CA9600EDBF3D /* EventDescription */ = {
			isa = PBXGroup;
			children = (
				0E0E50AD1F31C5B600EDBF3D /* EventDescriptionTableViewController.swift */,
				0E0E50B01F31CB0800EDBF3D /* JoinedPeopleViewController.swift */,
				0E0E50B21F31CBB800EDBF3D /* JoinedPersonTableViewCell.swift */,
			);
			name = EventDescription;
			sourceTree = "<group>";
		};
		1F149C441EB36364002F3332 = {
			isa = PBXGroup;
			children = (
				0E403EC21F2A16E70003E5AB /* Bridging-Header.h */,
				1F149C4F1EB36364002F3332 /* Tifosi */,
				1F149C4E1EB36364002F3332 /* Products */,
				FBA27B6C0458F6543946E6A0 /* Pods */,
				E05E14C765C16DEBB6109F0F /* Frameworks */,
			);
			sourceTree = "<group>";
		};
		1F149C4E1EB36364002F3332 /* Products */ = {
			isa = PBXGroup;
			children = (
				1F149C4D1EB36364002F3332 /* Tifosi.app */,
			);
			name = Products;
			sourceTree = "<group>";
		};
		1F149C4F1EB36364002F3332 /* Tifosi */ = {
			isa = PBXGroup;
			children = (
				1FBF96711EC4EBDD000C43F7 /* Tifosi.entitlements */,
				1F149C501EB36364002F3332 /* AppDelegate.swift */,
				1FBF966A1EC4C074000C43F7 /* Controller */,
				1FBF96691EC4C068000C43F7 /* Model */,
				1F149C561EB36364002F3332 /* Main.storyboard */,
				1F149C5B1EB36364002F3332 /* LaunchScreen.storyboard */,
				1F149C681EB37265002F3332 /* Assets.xcassets */,
				1F149C5E1EB36364002F3332 /* Info.plist */,
				62B6A6031EC452580014B246 /* GoogleService-Info.plist */,
				0E43F67A1F333B0100A45639 /* Localizable.strings */,
			);
			path = Tifosi;
			sourceTree = "<group>";
		};
		1FBF96691EC4C068000C43F7 /* Model */ = {
			isa = PBXGroup;
			children = (
				62EA73FC1EC43AFD000BB4EF /* Article.swift */,
				0E0CB2B41F3AF7D3002A6C96 /* Chat.swift */,
				0E403EC31F2A22FF0003E5AB /* Constants.swift */,
				0EAF7FF11F2F6BFB00EE1914 /* Event.swift */,
				0E4AE17F1F34680D00952F77 /* Extensions.swift */,
				1FBF96671EC4C05E000C43F7 /* FacebookUser.swift */,
				0E43F6701F3312FF00A45639 /* Location.swift */,
				0E46F3A11F277FC800AD57BC /* NetworkFetcher.swift */,
				0E403EBE1F29E95E0003E5AB /* RaceCalendar.swift */,
			);
			name = Model;
			sourceTree = "<group>";
		};
		1FBF966A1EC4C074000C43F7 /* Controller */ = {
			isa = PBXGroup;
			children = (
				1FBF966C1EC4C0A1000C43F7 /* NewsController */,
				1FBF966E1EC4C0B6000C43F7 /* ChatController */,
				1FBF966B1EC4C086000C43F7 /* EventsController */,
				1FBF966D1EC4C0AD000C43F7 /* SettingsController */,
			);
			name = Controller;
			sourceTree = "<group>";
		};
		1FBF966B1EC4C086000C43F7 /* EventsController */ = {
			isa = PBXGroup;
			children = (
				1F149C641EB366E8002F3332 /* EventsViewController.swift */,
				1FBF96651EC4B834000C43F7 /* AddEventViewController.swift */,
				0E214A611F3087C90096274B /* EventTableViewCell.swift */,
				0E0E50AF1F31CA9600EDBF3D /* EventDescription */,
			);
			name = EventsController;
			sourceTree = "<group>";
		};
		1FBF966C1EC4C0A1000C43F7 /* NewsController */ = {
			isa = PBXGroup;
			children = (
				1F149C521EB36364002F3332 /* NewsViewController.swift */,
				0E403EBA1F29D6AE0003E5AB /* ArticleTableViewCell.swift */,
				0E43F6721F33179D00A45639 /* WebPageViewController.swift */,
			);
			name = NewsController;
			sourceTree = "<group>";
		};
		1FBF966D1EC4C0AD000C43F7 /* SettingsController */ = {
			isa = PBXGroup;
			children = (
				1F149C661EB36B0E002F3332 /* SettingsViewController.swift */,
			);
			name = SettingsController;
			sourceTree = "<group>";
		};
		1FBF966E1EC4C0B6000C43F7 /* ChatController */ = {
			isa = PBXGroup;
			children = (
				1F149C541EB36364002F3332 /* ChatScreenViewController.swift */,
				0E403EC01F2A154F0003E5AB /* ChatViewController.swift */,
			);
			name = ChatController;
			sourceTree = "<group>";
		};
		E05E14C765C16DEBB6109F0F /* Frameworks */ = {
			isa = PBXGroup;
			children = (
				7503C5074BEDB478FD3E4954 /* Pods_Tifosi.framework */,
			);
			name = Frameworks;
			sourceTree = "<group>";
		};
		FBA27B6C0458F6543946E6A0 /* Pods */ = {
			isa = PBXGroup;
			children = (
				62BA7A53A2D40CFBA72A0139 /* Pods-Tifosi.debug.xcconfig */,
				B0F3483F3028875B88E022B1 /* Pods-Tifosi.release.xcconfig */,
			);
			name = Pods;
			sourceTree = "<group>";
		};
/* End PBXGroup section */

/* Begin PBXNativeTarget section */
		1F149C4C1EB36364002F3332 /* Tifosi */ = {
			isa = PBXNativeTarget;
			buildConfigurationList = 1F149C611EB36364002F3332 /* Build configuration list for PBXNativeTarget "Tifosi" */;
			buildPhases = (
				177A61D2A3300371EFD07090 /* [CP] Check Pods Manifest.lock */,
				1F149C491EB36364002F3332 /* Sources */,
				1F149C4A1EB36364002F3332 /* Frameworks */,
				1F149C4B1EB36364002F3332 /* Resources */,
				6BEA604777A050274351A080 /* [CP] Embed Pods Frameworks */,
				39E9CC8A814CF176BA0385CB /* [CP] Copy Pods Resources */,
			);
			buildRules = (
			);
			dependencies = (
			);
			name = Tifosi;
			productName = Tifosi;
			productReference = 1F149C4D1EB36364002F3332 /* Tifosi.app */;
			productType = "com.apple.product-type.application";
		};
/* End PBXNativeTarget section */

/* Begin PBXProject section */
		1F149C451EB36364002F3332 /* Project object */ = {
			isa = PBXProject;
			attributes = {
				LastSwiftUpdateCheck = 0830;
				LastUpgradeCheck = 0830;
				ORGANIZATIONNAME = "Daniel Pavlekovic";
				TargetAttributes = {
					1F149C4C1EB36364002F3332 = {
						CreatedOnToolsVersion = 8.3.2;
						DevelopmentTeam = KZ7LVBES5H;
						ProvisioningStyle = Automatic;
						SystemCapabilities = {
							com.apple.Keychain = {
								enabled = 1;
							};
						};
					};
				};
			};
			buildConfigurationList = 1F149C481EB36364002F3332 /* Build configuration list for PBXProject "Tifosi" */;
			compatibilityVersion = "Xcode 3.2";
			developmentRegion = English;
			hasScannedForEncodings = 0;
			knownRegions = (
				en,
				Base,
			);
			mainGroup = 1F149C441EB36364002F3332;
			productRefGroup = 1F149C4E1EB36364002F3332 /* Products */;
			projectDirPath = "";
			projectRoot = "";
			targets = (
				1F149C4C1EB36364002F3332 /* Tifosi */,
			);
		};
/* End PBXProject section */

/* Begin PBXResourcesBuildPhase section */
		1F149C4B1EB36364002F3332 /* Resources */ = {
			isa = PBXResourcesBuildPhase;
			buildActionMask = 2147483647;
			files = (
				0E43F6781F333B0100A45639 /* Localizable.strings in Resources */,
				1F149C5D1EB36364002F3332 /* LaunchScreen.storyboard in Resources */,
				62B6A6041EC452580014B246 /* GoogleService-Info.plist in Resources */,
				1F149C691EB37265002F3332 /* Assets.xcassets in Resources */,
				1F149C581EB36364002F3332 /* Main.storyboard in Resources */,
			);
			runOnlyForDeploymentPostprocessing = 0;
		};
/* End PBXResourcesBuildPhase section */

/* Begin PBXShellScriptBuildPhase section */
		177A61D2A3300371EFD07090 /* [CP] Check Pods Manifest.lock */ = {
			isa = PBXShellScriptBuildPhase;
			buildActionMask = 2147483647;
			files = (
			);
			inputPaths = (
				"${PODS_PODFILE_DIR_PATH}/Podfile.lock",
				"${PODS_ROOT}/Manifest.lock",
			);
			name = "[CP] Check Pods Manifest.lock";
			outputPaths = (
				"$(DERIVED_FILE_DIR)/Pods-Tifosi-checkManifestLockResult.txt",
			);
			runOnlyForDeploymentPostprocessing = 0;
			shellPath = /bin/sh;
			shellScript = "diff \"${PODS_PODFILE_DIR_PATH}/Podfile.lock\" \"${PODS_ROOT}/Manifest.lock\" > /dev/null\nif [ $? != 0 ] ; then\n    # print error to STDERR\n    echo \"error: The sandbox is not in sync with the Podfile.lock. Run 'pod install' or update your CocoaPods installation.\" >&2\n    exit 1\nfi\n# This output is used by Xcode 'outputs' to avoid re-running this script phase.\necho \"SUCCESS\" > \"${SCRIPT_OUTPUT_FILE_0}\"\n";
			showEnvVarsInLog = 0;
		};
		39E9CC8A814CF176BA0385CB /* [CP] Copy Pods Resources */ = {
			isa = PBXShellScriptBuildPhase;
			buildActionMask = 2147483647;
			files = (
			);
			inputPaths = (
			);
			name = "[CP] Copy Pods Resources";
			outputPaths = (
			);
			runOnlyForDeploymentPostprocessing = 0;
			shellPath = /bin/sh;
			shellScript = "\"${SRCROOT}/Pods/Target Support Files/Pods-Tifosi/Pods-Tifosi-resources.sh\"\n";
			showEnvVarsInLog = 0;
		};
		6BEA604777A050274351A080 /* [CP] Embed Pods Frameworks */ = {
			isa = PBXShellScriptBuildPhase;
			buildActionMask = 2147483647;
			files = (
			);
			inputPaths = (
				"${SRCROOT}/Pods/Target Support Files/Pods-Tifosi/Pods-Tifosi-frameworks.sh",
				"${BUILT_PRODUCTS_DIR}/Bolts/Bolts.framework",
				"${BUILT_PRODUCTS_DIR}/FBSDKCoreKit/FBSDKCoreKit.framework",
				"${BUILT_PRODUCTS_DIR}/FBSDKLoginKit/FBSDKLoginKit.framework",
				"${BUILT_PRODUCTS_DIR}/FacebookCore/FacebookCore.framework",
				"${BUILT_PRODUCTS_DIR}/FacebookLogin/FacebookLogin.framework",
				"${BUILT_PRODUCTS_DIR}/GTMSessionFetcher/GTMSessionFetcher.framework",
				"${BUILT_PRODUCTS_DIR}/GoogleToolboxForMac/GoogleToolboxForMac.framework",
				"${BUILT_PRODUCTS_DIR}/JSQMessagesViewController/JSQMessagesViewController.framework",
				"${BUILT_PRODUCTS_DIR}/JSQSystemSoundPlayer/JSQSystemSoundPlayer.framework",
				"${BUILT_PRODUCTS_DIR}/Protobuf/Protobuf.framework",
				"${BUILT_PRODUCTS_DIR}/SwiftGifOrigin/SwiftGifOrigin.framework",
				"${BUILT_PRODUCTS_DIR}/SwiftyJSON/SwiftyJSON.framework",
				"${BUILT_PRODUCTS_DIR}/leveldb-library/leveldb.framework",
				"${BUILT_PRODUCTS_DIR}/nanopb/nanopb.framework",
			);
			name = "[CP] Embed Pods Frameworks";
			outputPaths = (
				"${TARGET_BUILD_DIR}/${FRAMEWORKS_FOLDER_PATH}/Bolts.framework",
				"${TARGET_BUILD_DIR}/${FRAMEWORKS_FOLDER_PATH}/FBSDKCoreKit.framework",
				"${TARGET_BUILD_DIR}/${FRAMEWORKS_FOLDER_PATH}/FBSDKLoginKit.framework",
				"${TARGET_BUILD_DIR}/${FRAMEWORKS_FOLDER_PATH}/FacebookCore.framework",
				"${TARGET_BUILD_DIR}/${FRAMEWORKS_FOLDER_PATH}/FacebookLogin.framework",
				"${TARGET_BUILD_DIR}/${FRAMEWORKS_FOLDER_PATH}/GTMSessionFetcher.framework",
				"${TARGET_BUILD_DIR}/${FRAMEWORKS_FOLDER_PATH}/GoogleToolboxForMac.framework",
				"${TARGET_BUILD_DIR}/${FRAMEWORKS_FOLDER_PATH}/JSQMessagesViewController.framework",
				"${TARGET_BUILD_DIR}/${FRAMEWORKS_FOLDER_PATH}/JSQSystemSoundPlayer.framework",
				"${TARGET_BUILD_DIR}/${FRAMEWORKS_FOLDER_PATH}/Protobuf.framework",
				"${TARGET_BUILD_DIR}/${FRAMEWORKS_FOLDER_PATH}/SwiftGifOrigin.framework",
				"${TARGET_BUILD_DIR}/${FRAMEWORKS_FOLDER_PATH}/SwiftyJSON.framework",
				"${TARGET_BUILD_DIR}/${FRAMEWORKS_FOLDER_PATH}/leveldb.framework",
				"${TARGET_BUILD_DIR}/${FRAMEWORKS_FOLDER_PATH}/nanopb.framework",
			);
			runOnlyForDeploymentPostprocessing = 0;
			shellPath = /bin/sh;
			shellScript = "\"${SRCROOT}/Pods/Target Support Files/Pods-Tifosi/Pods-Tifosi-frameworks.sh\"\n";
			showEnvVarsInLog = 0;
		};
/* End PBXShellScriptBuildPhase section */

/* Begin PBXSourcesBuildPhase section */
		1F149C491EB36364002F3332 /* Sources */ = {
			isa = PBXSourcesBuildPhase;
			buildActionMask = 2147483647;
			files = (
				0E0E50B11F31CB0800EDBF3D /* JoinedPeopleViewController.swift in Sources */,
				1F149C551EB36364002F3332 /* ChatScreenViewController.swift in Sources */,
				0E0E50AE1F31C5B600EDBF3D /* EventDescriptionTableViewController.swift in Sources */,
				1FBF96661EC4B834000C43F7 /* AddEventViewController.swift in Sources */,
				1F149C511EB36364002F3332 /* AppDelegate.swift in Sources */,
				0E0E50B31F31CBB800EDBF3D /* JoinedPersonTableViewCell.swift in Sources */,
				0E214A621F3087C90096274B /* EventTableViewCell.swift in Sources */,
				62EA73FD1EC43AFD000BB4EF /* Article.swift in Sources */,
				0E43F6731F33179D00A45639 /* WebPageViewController.swift in Sources */,
				1F149C651EB366E8002F3332 /* EventsViewController.swift in Sources */,
				0E403EBB1F29D6AE0003E5AB /* ArticleTableViewCell.swift in Sources */,
				0E403EBF1F29E95E0003E5AB /* RaceCalendar.swift in Sources */,
				0E403EC41F2A22FF0003E5AB /* Constants.swift in Sources */,
				0E4AE1801F34680D00952F77 /* Extensions.swift in Sources */,
				1F149C671EB36B0E002F3332 /* SettingsViewController.swift in Sources */,
				1FBF96681EC4C05E000C43F7 /* FacebookUser.swift in Sources */,
				0E43F6711F3312FF00A45639 /* Location.swift in Sources */,
				0E46F3A21F277FC800AD57BC /* NetworkFetcher.swift in Sources */,
				0E403EC11F2A154F0003E5AB /* ChatViewController.swift in Sources */,
				0EAF7FF21F2F6BFB00EE1914 /* Event.swift in Sources */,
				0E0CB2B51F3AF7D3002A6C96 /* Chat.swift in Sources */,
				1F149C531EB36364002F3332 /* NewsViewController.swift in Sources */,
			);
			runOnlyForDeploymentPostprocessing = 0;
		};
/* End PBXSourcesBuildPhase section */

/* Begin PBXVariantGroup section */
		0E43F67A1F333B0100A45639 /* Localizable.strings */ = {
			isa = PBXVariantGroup;
			children = (
				0E43F6791F333B0100A45639 /* hr */,
				0E43F67B1F333B5100A45639 /* en */,
			);
			name = Localizable.strings;
			sourceTree = "<group>";
		};
		1F149C561EB36364002F3332 /* Main.storyboard */ = {
			isa = PBXVariantGroup;
			children = (
				1F149C571EB36364002F3332 /* Base */,
				1F2CBD501EBF521600E4FA68 /* en */,
				0E43F6741F3322CF00A45639 /* hr */,
			);
			name = Main.storyboard;
			sourceTree = "<group>";
		};
		1F149C5B1EB36364002F3332 /* LaunchScreen.storyboard */ = {
			isa = PBXVariantGroup;
			children = (
				1F149C5C1EB36364002F3332 /* Base */,
				0E43F6751F3322CF00A45639 /* hr */,
			);
			name = LaunchScreen.storyboard;
			sourceTree = "<group>";
		};
/* End PBXVariantGroup section */

/* Begin XCBuildConfiguration section */
		1F149C5F1EB36364002F3332 /* Debug */ = {
			isa = XCBuildConfiguration;
			buildSettings = {
				ALWAYS_SEARCH_USER_PATHS = NO;
				CLANG_ANALYZER_LOCALIZABILITY_NONLOCALIZED = YES;
				CLANG_ANALYZER_NONNULL = YES;
				CLANG_ANALYZER_NUMBER_OBJECT_CONVERSION = YES_AGGRESSIVE;
				CLANG_CXX_LANGUAGE_STANDARD = "gnu++0x";
				CLANG_CXX_LIBRARY = "libc++";
				CLANG_ENABLE_MODULES = YES;
				CLANG_ENABLE_OBJC_ARC = YES;
				CLANG_WARN_BOOL_CONVERSION = YES;
				CLANG_WARN_CONSTANT_CONVERSION = YES;
				CLANG_WARN_DIRECT_OBJC_ISA_USAGE = YES_ERROR;
				CLANG_WARN_DOCUMENTATION_COMMENTS = YES;
				CLANG_WARN_EMPTY_BODY = YES;
				CLANG_WARN_ENUM_CONVERSION = YES;
				CLANG_WARN_INFINITE_RECURSION = YES;
				CLANG_WARN_INT_CONVERSION = YES;
				CLANG_WARN_OBJC_ROOT_CLASS = YES_ERROR;
				CLANG_WARN_SUSPICIOUS_MOVE = YES;
				CLANG_WARN_UNREACHABLE_CODE = YES;
				CLANG_WARN__DUPLICATE_METHOD_MATCH = YES;
				"CODE_SIGN_IDENTITY[sdk=iphoneos*]" = "iPhone Developer";
				COPY_PHASE_STRIP = NO;
				DEBUG_INFORMATION_FORMAT = dwarf;
				ENABLE_STRICT_OBJC_MSGSEND = YES;
				ENABLE_TESTABILITY = YES;
				GCC_C_LANGUAGE_STANDARD = gnu99;
				GCC_DYNAMIC_NO_PIC = NO;
				GCC_NO_COMMON_BLOCKS = YES;
				GCC_OPTIMIZATION_LEVEL = 0;
				GCC_PREPROCESSOR_DEFINITIONS = (
					"DEBUG=1",
					"$(inherited)",
				);
				GCC_WARN_64_TO_32_BIT_CONVERSION = YES;
				GCC_WARN_ABOUT_RETURN_TYPE = YES_ERROR;
				GCC_WARN_UNDECLARED_SELECTOR = YES;
				GCC_WARN_UNINITIALIZED_AUTOS = YES_AGGRESSIVE;
				GCC_WARN_UNUSED_FUNCTION = YES;
				GCC_WARN_UNUSED_VARIABLE = YES;
				IPHONEOS_DEPLOYMENT_TARGET = 10.3;
				MTL_ENABLE_DEBUG_INFO = YES;
				ONLY_ACTIVE_ARCH = YES;
				SDKROOT = iphoneos;
				SWIFT_ACTIVE_COMPILATION_CONDITIONS = DEBUG;
				SWIFT_OPTIMIZATION_LEVEL = "-Onone";
				TARGETED_DEVICE_FAMILY = "1,2";
			};
			name = Debug;
		};
		1F149C601EB36364002F3332 /* Release */ = {
			isa = XCBuildConfiguration;
			buildSettings = {
				ALWAYS_SEARCH_USER_PATHS = NO;
				CLANG_ANALYZER_LOCALIZABILITY_NONLOCALIZED = YES;
				CLANG_ANALYZER_NONNULL = YES;
				CLANG_ANALYZER_NUMBER_OBJECT_CONVERSION = YES_AGGRESSIVE;
				CLANG_CXX_LANGUAGE_STANDARD = "gnu++0x";
				CLANG_CXX_LIBRARY = "libc++";
				CLANG_ENABLE_MODULES = YES;
				CLANG_ENABLE_OBJC_ARC = YES;
				CLANG_WARN_BOOL_CONVERSION = YES;
				CLANG_WARN_CONSTANT_CONVERSION = YES;
				CLANG_WARN_DIRECT_OBJC_ISA_USAGE = YES_ERROR;
				CLANG_WARN_DOCUMENTATION_COMMENTS = YES;
				CLANG_WARN_EMPTY_BODY = YES;
				CLANG_WARN_ENUM_CONVERSION = YES;
				CLANG_WARN_INFINITE_RECURSION = YES;
				CLANG_WARN_INT_CONVERSION = YES;
				CLANG_WARN_OBJC_ROOT_CLASS = YES_ERROR;
				CLANG_WARN_SUSPICIOUS_MOVE = YES;
				CLANG_WARN_UNREACHABLE_CODE = YES;
				CLANG_WARN__DUPLICATE_METHOD_MATCH = YES;
				"CODE_SIGN_IDENTITY[sdk=iphoneos*]" = "iPhone Developer";
				COPY_PHASE_STRIP = NO;
				DEBUG_INFORMATION_FORMAT = "dwarf-with-dsym";
				ENABLE_NS_ASSERTIONS = NO;
				ENABLE_STRICT_OBJC_MSGSEND = YES;
				GCC_C_LANGUAGE_STANDARD = gnu99;
				GCC_NO_COMMON_BLOCKS = YES;
				GCC_WARN_64_TO_32_BIT_CONVERSION = YES;
				GCC_WARN_ABOUT_RETURN_TYPE = YES_ERROR;
				GCC_WARN_UNDECLARED_SELECTOR = YES;
				GCC_WARN_UNINITIALIZED_AUTOS = YES_AGGRESSIVE;
				GCC_WARN_UNUSED_FUNCTION = YES;
				GCC_WARN_UNUSED_VARIABLE = YES;
				IPHONEOS_DEPLOYMENT_TARGET = 10.3;
				MTL_ENABLE_DEBUG_INFO = NO;
				SDKROOT = iphoneos;
				SWIFT_OPTIMIZATION_LEVEL = "-Owholemodule";
				TARGETED_DEVICE_FAMILY = "1,2";
				VALIDATE_PRODUCT = YES;
			};
			name = Release;
		};
		1F149C621EB36364002F3332 /* Debug */ = {
			isa = XCBuildConfiguration;
			baseConfigurationReference = 62BA7A53A2D40CFBA72A0139 /* Pods-Tifosi.debug.xcconfig */;
			buildSettings = {
				ASSETCATALOG_COMPILER_APPICON_NAME = AppIcon;
				CODE_SIGN_ENTITLEMENTS = Tifosi/Tifosi.entitlements;
				DEVELOPMENT_TEAM = KZ7LVBES5H;
				INFOPLIST_FILE = Tifosi/Info.plist;
				LD_RUNPATH_SEARCH_PATHS = "$(inherited) @executable_path/Frameworks";
				PRODUCT_BUNDLE_IDENTIFIER = daniel.pavlekovic.ferit.hr.Tifosi;
				PRODUCT_NAME = "$(TARGET_NAME)";
				SWIFT_OBJC_BRIDGING_HEADER = "Bridging-Header.h";
				SWIFT_VERSION = 3.0;
				TARGETED_DEVICE_FAMILY = 1;
			};
			name = Debug;
		};
		1F149C631EB36364002F3332 /* Release */ = {
			isa = XCBuildConfiguration;
			baseConfigurationReference = B0F3483F3028875B88E022B1 /* Pods-Tifosi.release.xcconfig */;
			buildSettings = {
				ASSETCATALOG_COMPILER_APPICON_NAME = AppIcon;
				CODE_SIGN_ENTITLEMENTS = Tifosi/Tifosi.entitlements;
				DEVELOPMENT_TEAM = KZ7LVBES5H;
				INFOPLIST_FILE = Tifosi/Info.plist;
				LD_RUNPATH_SEARCH_PATHS = "$(inherited) @executable_path/Frameworks";
				PRODUCT_BUNDLE_IDENTIFIER = daniel.pavlekovic.ferit.hr.Tifosi;
				PRODUCT_NAME = "$(TARGET_NAME)";
				SWIFT_OBJC_BRIDGING_HEADER = "Bridging-Header.h";
				SWIFT_VERSION = 3.0;
				TARGETED_DEVICE_FAMILY = 1;
			};
			name = Release;
		};
/* End XCBuildConfiguration section */

/* Begin XCConfigurationList section */
		1F149C481EB36364002F3332 /* Build configuration list for PBXProject "Tifosi" */ = {
			isa = XCConfigurationList;
			buildConfigurations = (
				1F149C5F1EB36364002F3332 /* Debug */,
				1F149C601EB36364002F3332 /* Release */,
			);
			defaultConfigurationIsVisible = 0;
			defaultConfigurationName = Release;
		};
		1F149C611EB36364002F3332 /* Build configuration list for PBXNativeTarget "Tifosi" */ = {
			isa = XCConfigurationList;
			buildConfigurations = (
				1F149C621EB36364002F3332 /* Debug */,
				1F149C631EB36364002F3332 /* Release */,
			);
			defaultConfigurationIsVisible = 0;
			defaultConfigurationName = Release;
		};
/* End XCConfigurationList section */
	};
	rootObject = 1F149C451EB36364002F3332 /* Project object */;
}
